// !$*UTF8*$!
{
	archiveVersion = 1;
	classes = {
	};
	objectVersion = 51;
	objects = {

/* Begin PBXBuildFile section */
		B61854E52509C7DD00A7BF01 /* Components.framework in Frameworks */ = {isa = PBXBuildFile; fileRef = B61854E42509C7DD00A7BF01 /* Components.framework */; };
		B61854E62509C7DD00A7BF01 /* Components.framework in Embed Frameworks */ = {isa = PBXBuildFile; fileRef = B61854E42509C7DD00A7BF01 /* Components.framework */; settings = {ATTRIBUTES = (CodeSignOnCopy, RemoveHeadersOnCopy, ); }; };
		B61854EE2509C8C000A7BF01 /* ProductViewData.swift in Sources */ = {isa = PBXBuildFile; fileRef = B61854ED2509C8C000A7BF01 /* ProductViewData.swift */; };
		B642A08A2509B494002B88F1 /* CoreUseCases.framework in Frameworks */ = {isa = PBXBuildFile; fileRef = B642A0892509B494002B88F1 /* CoreUseCases.framework */; };
		B642A08B2509B494002B88F1 /* CoreUseCases.framework in Embed Frameworks */ = {isa = PBXBuildFile; fileRef = B642A0892509B494002B88F1 /* CoreUseCases.framework */; settings = {ATTRIBUTES = (CodeSignOnCopy, RemoveHeadersOnCopy, ); }; };
		B642A08F2509B5F2002B88F1 /* ShareCore.framework in Frameworks */ = {isa = PBXBuildFile; fileRef = B642A08E2509B5F2002B88F1 /* ShareCore.framework */; };
		B642A0902509B5F2002B88F1 /* ShareCore.framework in Embed Frameworks */ = {isa = PBXBuildFile; fileRef = B642A08E2509B5F2002B88F1 /* ShareCore.framework */; settings = {ATTRIBUTES = (CodeSignOnCopy, RemoveHeadersOnCopy, ); }; };
		B6479A1D2509A1780044CA0C /* ProductsCoordinator.swift in Sources */ = {isa = PBXBuildFile; fileRef = B6479A152509A1780044CA0C /* ProductsCoordinator.swift */; };
		B6479A1E2509A1780044CA0C /* ProductsFactory.swift in Sources */ = {isa = PBXBuildFile; fileRef = B6479A162509A1780044CA0C /* ProductsFactory.swift */; };
		B6479A1F2509A1780044CA0C /* ProductsViewController.swift in Sources */ = {isa = PBXBuildFile; fileRef = B6479A172509A1780044CA0C /* ProductsViewController.swift */; };
		B6479A202509A1780044CA0C /* ProductsComponent.swift in Sources */ = {isa = PBXBuildFile; fileRef = B6479A182509A1780044CA0C /* ProductsComponent.swift */; };
		B6479A212509A1780044CA0C /* ProductsViewModel+Dependencies.swift in Sources */ = {isa = PBXBuildFile; fileRef = B6479A192509A1780044CA0C /* ProductsViewModel+Dependencies.swift */; };
		B6479A222509A1780044CA0C /* ProductsViewModel.swift in Sources */ = {isa = PBXBuildFile; fileRef = B6479A1A2509A1780044CA0C /* ProductsViewModel.swift */; };
		B6479A232509A1780044CA0C /* ProductsViewController.xib in Resources */ = {isa = PBXBuildFile; fileRef = B6479A1B2509A1780044CA0C /* ProductsViewController.xib */; };
		B66C40B625098C7D003DD419 /* AppDelegate.swift in Sources */ = {isa = PBXBuildFile; fileRef = B66C40B525098C7D003DD419 /* AppDelegate.swift */; };
		B66C40BF25098C7E003DD419 /* Assets.xcassets in Resources */ = {isa = PBXBuildFile; fileRef = B66C40BE25098C7E003DD419 /* Assets.xcassets */; };
		B66C40C225098C7E003DD419 /* LaunchScreen.storyboard in Resources */ = {isa = PBXBuildFile; fileRef = B66C40C025098C7E003DD419 /* LaunchScreen.storyboard */; };
		B6A2C6CA2509965F00F6FB06 /* AppCoordinator.swift in Sources */ = {isa = PBXBuildFile; fileRef = B6A2C6C92509965F00F6FB06 /* AppCoordinator.swift */; };
		B6A2C6CF2509970000F6FB06 /* Utils.framework in Frameworks */ = {isa = PBXBuildFile; fileRef = B6A2C6CE2509970000F6FB06 /* Utils.framework */; };
		B6A2C6D02509970000F6FB06 /* Utils.framework in Embed Frameworks */ = {isa = PBXBuildFile; fileRef = B6A2C6CE2509970000F6FB06 /* Utils.framework */; settings = {ATTRIBUTES = (CodeSignOnCopy, RemoveHeadersOnCopy, ); }; };
		B6A2C6D6250997BD00F6FB06 /* SplashViewController.swift in Sources */ = {isa = PBXBuildFile; fileRef = B6A2C6D4250997BD00F6FB06 /* SplashViewController.swift */; };
		B6A2C6D7250997BD00F6FB06 /* SplashViewController.xib in Resources */ = {isa = PBXBuildFile; fileRef = B6A2C6D5250997BD00F6FB06 /* SplashViewController.xib */; };
		B6A2C6D9250997D800F6FB06 /* SplashCoordinator.swift in Sources */ = {isa = PBXBuildFile; fileRef = B6A2C6D8250997D800F6FB06 /* SplashCoordinator.swift */; };
		B6A2C6DB2509984E00F6FB06 /* SplashFactory.swift in Sources */ = {isa = PBXBuildFile; fileRef = B6A2C6DA2509984E00F6FB06 /* SplashFactory.swift */; };
		B6A2C6DD2509988100F6FB06 /* SplashViewModel + Dependencies.swift in Sources */ = {isa = PBXBuildFile; fileRef = B6A2C6DC2509988100F6FB06 /* SplashViewModel + Dependencies.swift */; };
		B6A2C6DF250998AD00F6FB06 /* SplashViewModel.swift in Sources */ = {isa = PBXBuildFile; fileRef = B6A2C6DE250998AD00F6FB06 /* SplashViewModel.swift */; };
		B6A2C6F625099C7D00F6FB06 /* APIConfig.swift in Sources */ = {isa = PBXBuildFile; fileRef = B6A2C6F525099C7D00F6FB06 /* APIConfig.swift */; };
		B6A2C6F825099CB000F6FB06 /* API.swift in Sources */ = {isa = PBXBuildFile; fileRef = B6A2C6F725099CB000F6FB06 /* API.swift */; };
		E25DD081F386CC481A00652C /* Pods_Liverpool.framework in Frameworks */ = {isa = PBXBuildFile; fileRef = E8B807490A526511EFCA68F5 /* Pods_Liverpool.framework */; };
/* End PBXBuildFile section */

/* Begin PBXCopyFilesBuildPhase section */
		B6A2C6D12509970000F6FB06 /* Embed Frameworks */ = {
			isa = PBXCopyFilesBuildPhase;
			buildActionMask = 2147483647;
			dstPath = "";
			dstSubfolderSpec = 10;
			files = (
				B6A2C6D02509970000F6FB06 /* Utils.framework in Embed Frameworks */,
				B642A0902509B5F2002B88F1 /* ShareCore.framework in Embed Frameworks */,
				B61854E62509C7DD00A7BF01 /* Components.framework in Embed Frameworks */,
				B642A08B2509B494002B88F1 /* CoreUseCases.framework in Embed Frameworks */,
			);
			name = "Embed Frameworks";
			runOnlyForDeploymentPostprocessing = 0;
		};
/* End PBXCopyFilesBuildPhase section */

/* Begin PBXFileReference section */
		3281F92C35459704C83E8632 /* Pods-Liverpool.release.xcconfig */ = {isa = PBXFileReference; includeInIndex = 1; lastKnownFileType = text.xcconfig; name = "Pods-Liverpool.release.xcconfig"; path = "Target Support Files/Pods-Liverpool/Pods-Liverpool.release.xcconfig"; sourceTree = "<group>"; };
		5935EB63508061AEE7FF0EFB /* Pods-Liverpool.debug.xcconfig */ = {isa = PBXFileReference; includeInIndex = 1; lastKnownFileType = text.xcconfig; name = "Pods-Liverpool.debug.xcconfig"; path = "Target Support Files/Pods-Liverpool/Pods-Liverpool.debug.xcconfig"; sourceTree = "<group>"; };
		B61854E42509C7DD00A7BF01 /* Components.framework */ = {isa = PBXFileReference; explicitFileType = wrapper.framework; path = Components.framework; sourceTree = BUILT_PRODUCTS_DIR; };
		B61854ED2509C8C000A7BF01 /* ProductViewData.swift */ = {isa = PBXFileReference; lastKnownFileType = sourcecode.swift; path = ProductViewData.swift; sourceTree = "<group>"; };
		B642A0892509B494002B88F1 /* CoreUseCases.framework */ = {isa = PBXFileReference; explicitFileType = wrapper.framework; path = CoreUseCases.framework; sourceTree = BUILT_PRODUCTS_DIR; };
		B642A08E2509B5F2002B88F1 /* ShareCore.framework */ = {isa = PBXFileReference; explicitFileType = wrapper.framework; path = ShareCore.framework; sourceTree = BUILT_PRODUCTS_DIR; };
		B6479A152509A1780044CA0C /* ProductsCoordinator.swift */ = {isa = PBXFileReference; lastKnownFileType = sourcecode.swift; path = ProductsCoordinator.swift; sourceTree = "<group>"; };
		B6479A162509A1780044CA0C /* ProductsFactory.swift */ = {isa = PBXFileReference; lastKnownFileType = sourcecode.swift; path = ProductsFactory.swift; sourceTree = "<group>"; };
		B6479A172509A1780044CA0C /* ProductsViewController.swift */ = {isa = PBXFileReference; lastKnownFileType = sourcecode.swift; path = ProductsViewController.swift; sourceTree = "<group>"; };
		B6479A182509A1780044CA0C /* ProductsComponent.swift */ = {isa = PBXFileReference; lastKnownFileType = sourcecode.swift; path = ProductsComponent.swift; sourceTree = "<group>"; };
		B6479A192509A1780044CA0C /* ProductsViewModel+Dependencies.swift */ = {isa = PBXFileReference; lastKnownFileType = sourcecode.swift; path = "ProductsViewModel+Dependencies.swift"; sourceTree = "<group>"; };
		B6479A1A2509A1780044CA0C /* ProductsViewModel.swift */ = {isa = PBXFileReference; lastKnownFileType = sourcecode.swift; path = ProductsViewModel.swift; sourceTree = "<group>"; };
		B6479A1B2509A1780044CA0C /* ProductsViewController.xib */ = {isa = PBXFileReference; lastKnownFileType = file.xib; path = ProductsViewController.xib; sourceTree = "<group>"; };
		B66C40B225098C7D003DD419 /* Liverpool.app */ = {isa = PBXFileReference; explicitFileType = wrapper.application; includeInIndex = 0; path = Liverpool.app; sourceTree = BUILT_PRODUCTS_DIR; };
		B66C40B525098C7D003DD419 /* AppDelegate.swift */ = {isa = PBXFileReference; lastKnownFileType = sourcecode.swift; path = AppDelegate.swift; sourceTree = "<group>"; };
		B66C40BE25098C7E003DD419 /* Assets.xcassets */ = {isa = PBXFileReference; lastKnownFileType = folder.assetcatalog; path = Assets.xcassets; sourceTree = "<group>"; };
		B66C40C125098C7E003DD419 /* Base */ = {isa = PBXFileReference; lastKnownFileType = file.storyboard; name = Base; path = Base.lproj/LaunchScreen.storyboard; sourceTree = "<group>"; };
		B66C40C325098C7E003DD419 /* Info.plist */ = {isa = PBXFileReference; lastKnownFileType = text.plist.xml; path = Info.plist; sourceTree = "<group>"; };
		B6A2C6C92509965F00F6FB06 /* AppCoordinator.swift */ = {isa = PBXFileReference; lastKnownFileType = sourcecode.swift; path = AppCoordinator.swift; sourceTree = "<group>"; };
		B6A2C6CE2509970000F6FB06 /* Utils.framework */ = {isa = PBXFileReference; explicitFileType = wrapper.framework; path = Utils.framework; sourceTree = BUILT_PRODUCTS_DIR; };
		B6A2C6D4250997BD00F6FB06 /* SplashViewController.swift */ = {isa = PBXFileReference; lastKnownFileType = sourcecode.swift; path = SplashViewController.swift; sourceTree = "<group>"; };
		B6A2C6D5250997BD00F6FB06 /* SplashViewController.xib */ = {isa = PBXFileReference; lastKnownFileType = file.xib; path = SplashViewController.xib; sourceTree = "<group>"; };
		B6A2C6D8250997D800F6FB06 /* SplashCoordinator.swift */ = {isa = PBXFileReference; lastKnownFileType = sourcecode.swift; path = SplashCoordinator.swift; sourceTree = "<group>"; };
		B6A2C6DA2509984E00F6FB06 /* SplashFactory.swift */ = {isa = PBXFileReference; lastKnownFileType = sourcecode.swift; path = SplashFactory.swift; sourceTree = "<group>"; };
		B6A2C6DC2509988100F6FB06 /* SplashViewModel + Dependencies.swift */ = {isa = PBXFileReference; lastKnownFileType = sourcecode.swift; path = "SplashViewModel + Dependencies.swift"; sourceTree = "<group>"; };
		B6A2C6DE250998AD00F6FB06 /* SplashViewModel.swift */ = {isa = PBXFileReference; lastKnownFileType = sourcecode.swift; path = SplashViewModel.swift; sourceTree = "<group>"; };
		B6A2C6F525099C7D00F6FB06 /* APIConfig.swift */ = {isa = PBXFileReference; lastKnownFileType = sourcecode.swift; path = APIConfig.swift; sourceTree = "<group>"; };
		B6A2C6F725099CB000F6FB06 /* API.swift */ = {isa = PBXFileReference; lastKnownFileType = sourcecode.swift; path = API.swift; sourceTree = "<group>"; };
		E8B807490A526511EFCA68F5 /* Pods_Liverpool.framework */ = {isa = PBXFileReference; explicitFileType = wrapper.framework; includeInIndex = 0; path = Pods_Liverpool.framework; sourceTree = BUILT_PRODUCTS_DIR; };
/* End PBXFileReference section */

/* Begin PBXFrameworksBuildPhase section */
		B66C40AF25098C7D003DD419 /* Frameworks */ = {
			isa = PBXFrameworksBuildPhase;
			buildActionMask = 2147483647;
			files = (
				B642A08A2509B494002B88F1 /* CoreUseCases.framework in Frameworks */,
				B6A2C6CF2509970000F6FB06 /* Utils.framework in Frameworks */,
				B61854E52509C7DD00A7BF01 /* Components.framework in Frameworks */,
				E25DD081F386CC481A00652C /* Pods_Liverpool.framework in Frameworks */,
				B642A08F2509B5F2002B88F1 /* ShareCore.framework in Frameworks */,
			);
			runOnlyForDeploymentPostprocessing = 0;
		};
/* End PBXFrameworksBuildPhase section */

/* Begin PBXGroup section */
		2242950A944C572194B591FA /* Pods */ = {
			isa = PBXGroup;
			children = (
				5935EB63508061AEE7FF0EFB /* Pods-Liverpool.debug.xcconfig */,
				3281F92C35459704C83E8632 /* Pods-Liverpool.release.xcconfig */,
			);
			name = Pods;
			path = ../../Pods;
			sourceTree = "<group>";
		};
		B6479A142509A15D0044CA0C /* Products */ = {
			isa = PBXGroup;
			children = (
				B6479A152509A1780044CA0C /* ProductsCoordinator.swift */,
				B6479A162509A1780044CA0C /* ProductsFactory.swift */,
				B6479A172509A1780044CA0C /* ProductsViewController.swift */,
				B6479A182509A1780044CA0C /* ProductsComponent.swift */,
				B6479A192509A1780044CA0C /* ProductsViewModel+Dependencies.swift */,
				B6479A1A2509A1780044CA0C /* ProductsViewModel.swift */,
				B6479A1B2509A1780044CA0C /* ProductsViewController.xib */,
				B61854ED2509C8C000A7BF01 /* ProductViewData.swift */,
			);
			path = Products;
			sourceTree = "<group>";
		};
		B66C40A925098C7D003DD419 = {
			isa = PBXGroup;
			children = (
				B66C40B425098C7D003DD419 /* Liverpool */,
				B66C40B325098C7D003DD419 /* Products */,
				2242950A944C572194B591FA /* Pods */,
				B7F6D9CBEB61A80C5C547C3C /* Frameworks */,
			);
			sourceTree = "<group>";
		};
		B66C40B325098C7D003DD419 /* Products */ = {
			isa = PBXGroup;
			children = (
				B66C40B225098C7D003DD419 /* Liverpool.app */,
			);
			name = Products;
			sourceTree = "<group>";
		};
		B66C40B425098C7D003DD419 /* Liverpool */ = {
			isa = PBXGroup;
			children = (
				B66C40B525098C7D003DD419 /* AppDelegate.swift */,
				B66C40C025098C7E003DD419 /* LaunchScreen.storyboard */,
				B66C40C325098C7E003DD419 /* Info.plist */,
				B6A2C6F425099C6A00F6FB06 /* Config */,
				B6A2C6C72509961C00F6FB06 /* Resources */,
				B6A2C6C6250995D000F6FB06 /* Scenes */,
			);
			path = Liverpool;
			sourceTree = "<group>";
		};
		B6A2C6C6250995D000F6FB06 /* Scenes */ = {
			isa = PBXGroup;
			children = (
				B6A2C6D22509978800F6FB06 /* Common */,
				B6A2C6C82509964F00F6FB06 /* Base */,
				B6479A142509A15D0044CA0C /* Products */,
			);
			path = Scenes;
			sourceTree = "<group>";
		};
		B6A2C6C72509961C00F6FB06 /* Resources */ = {
			isa = PBXGroup;
			children = (
				B66C40BE25098C7E003DD419 /* Assets.xcassets */,
			);
			path = Resources;
			sourceTree = "<group>";
		};
		B6A2C6C82509964F00F6FB06 /* Base */ = {
			isa = PBXGroup;
			children = (
				B6A2C6C92509965F00F6FB06 /* AppCoordinator.swift */,
			);
			path = Base;
			sourceTree = "<group>";
		};
		B6A2C6D22509978800F6FB06 /* Common */ = {
			isa = PBXGroup;
			children = (
				B6A2C6D3250997B300F6FB06 /* Splash */,
			);
			path = Common;
			sourceTree = "<group>";
		};
		B6A2C6D3250997B300F6FB06 /* Splash */ = {
			isa = PBXGroup;
			children = (
				B6A2C6D4250997BD00F6FB06 /* SplashViewController.swift */,
				B6A2C6D8250997D800F6FB06 /* SplashCoordinator.swift */,
				B6A2C6DC2509988100F6FB06 /* SplashViewModel + Dependencies.swift */,
				B6A2C6DA2509984E00F6FB06 /* SplashFactory.swift */,
				B6A2C6DE250998AD00F6FB06 /* SplashViewModel.swift */,
				B6A2C6D5250997BD00F6FB06 /* SplashViewController.xib */,
			);
			path = Splash;
			sourceTree = "<group>";
		};
		B6A2C6F425099C6A00F6FB06 /* Config */ = {
			isa = PBXGroup;
			children = (
				B6A2C6F525099C7D00F6FB06 /* APIConfig.swift */,
				B6A2C6F725099CB000F6FB06 /* API.swift */,
			);
			path = Config;
			sourceTree = "<group>";
		};
		B7F6D9CBEB61A80C5C547C3C /* Frameworks */ = {
			isa = PBXGroup;
			children = (
				B61854E42509C7DD00A7BF01 /* Components.framework */,
				B642A08E2509B5F2002B88F1 /* ShareCore.framework */,
				B642A0892509B494002B88F1 /* CoreUseCases.framework */,
				B6A2C6CE2509970000F6FB06 /* Utils.framework */,
				E8B807490A526511EFCA68F5 /* Pods_Liverpool.framework */,
			);
			name = Frameworks;
			sourceTree = "<group>";
		};
/* End PBXGroup section */

/* Begin PBXNativeTarget section */
		B66C40B125098C7D003DD419 /* Liverpool */ = {
			isa = PBXNativeTarget;
			buildConfigurationList = B66C40C625098C7E003DD419 /* Build configuration list for PBXNativeTarget "Liverpool" */;
			buildPhases = (
				D178F9E5B6856AA434F168F2 /* [CP] Check Pods Manifest.lock */,
				B66C40AE25098C7D003DD419 /* Sources */,
				B66C40AF25098C7D003DD419 /* Frameworks */,
				B66C40B025098C7D003DD419 /* Resources */,
				ACFD6836264537DCFEC64464 /* [CP] Embed Pods Frameworks */,
				B6A2C6D12509970000F6FB06 /* Embed Frameworks */,
			);
			buildRules = (
			);
			dependencies = (
			);
			name = Liverpool;
			productName = Liverpool;
			productReference = B66C40B225098C7D003DD419 /* Liverpool.app */;
			productType = "com.apple.product-type.application";
		};
/* End PBXNativeTarget section */

/* Begin PBXProject section */
		B66C40AA25098C7D003DD419 /* Project object */ = {
			isa = PBXProject;
			attributes = {
				LastSwiftUpdateCheck = 1170;
				LastUpgradeCheck = 1250;
				ORGANIZATIONNAME = "Andrés Bonilla Gómez";
				TargetAttributes = {
					B66C40B125098C7D003DD419 = {
						CreatedOnToolsVersion = 11.7;
					};
				};
			};
			buildConfigurationList = B66C40AD25098C7D003DD419 /* Build configuration list for PBXProject "Liverpool" */;
			compatibilityVersion = "Xcode 9.3";
			developmentRegion = en;
			hasScannedForEncodings = 0;
			knownRegions = (
				en,
				Base,
			);
			mainGroup = B66C40A925098C7D003DD419;
			productRefGroup = B66C40B325098C7D003DD419 /* Products */;
			projectDirPath = "";
			projectRoot = "";
			targets = (
				B66C40B125098C7D003DD419 /* Liverpool */,
			);
		};
/* End PBXProject section */

/* Begin PBXResourcesBuildPhase section */
		B66C40B025098C7D003DD419 /* Resources */ = {
			isa = PBXResourcesBuildPhase;
			buildActionMask = 2147483647;
			files = (
				B66C40C225098C7E003DD419 /* LaunchScreen.storyboard in Resources */,
				B6A2C6D7250997BD00F6FB06 /* SplashViewController.xib in Resources */,
				B6479A232509A1780044CA0C /* ProductsViewController.xib in Resources */,
				B66C40BF25098C7E003DD419 /* Assets.xcassets in Resources */,
			);
			runOnlyForDeploymentPostprocessing = 0;
		};
/* End PBXResourcesBuildPhase section */

/* Begin PBXShellScriptBuildPhase section */
		ACFD6836264537DCFEC64464 /* [CP] Embed Pods Frameworks */ = {
			isa = PBXShellScriptBuildPhase;
			buildActionMask = 2147483647;
			files = (
			);
			inputFileListPaths = (
				"${PODS_ROOT}/Target Support Files/Pods-Liverpool/Pods-Liverpool-frameworks-${CONFIGURATION}-input-files.xcfilelist",
			);
			name = "[CP] Embed Pods Frameworks";
			outputFileListPaths = (
				"${PODS_ROOT}/Target Support Files/Pods-Liverpool/Pods-Liverpool-frameworks-${CONFIGURATION}-output-files.xcfilelist",
			);
			runOnlyForDeploymentPostprocessing = 0;
			shellPath = /bin/sh;
			shellScript = "\"${PODS_ROOT}/Target Support Files/Pods-Liverpool/Pods-Liverpool-frameworks.sh\"\n";
			showEnvVarsInLog = 0;
		};
		D178F9E5B6856AA434F168F2 /* [CP] Check Pods Manifest.lock */ = {
			isa = PBXShellScriptBuildPhase;
			buildActionMask = 2147483647;
			files = (
			);
			inputFileListPaths = (
			);
			inputPaths = (
				"${PODS_PODFILE_DIR_PATH}/Podfile.lock",
				"${PODS_ROOT}/Manifest.lock",
			);
			name = "[CP] Check Pods Manifest.lock";
			outputFileListPaths = (
			);
			outputPaths = (
				"$(DERIVED_FILE_DIR)/Pods-Liverpool-checkManifestLockResult.txt",
			);
			runOnlyForDeploymentPostprocessing = 0;
			shellPath = /bin/sh;
			shellScript = "diff \"${PODS_PODFILE_DIR_PATH}/Podfile.lock\" \"${PODS_ROOT}/Manifest.lock\" > /dev/null\nif [ $? != 0 ] ; then\n    # print error to STDERR\n    echo \"error: The sandbox is not in sync with the Podfile.lock. Run 'pod install' or update your CocoaPods installation.\" >&2\n    exit 1\nfi\n# This output is used by Xcode 'outputs' to avoid re-running this script phase.\necho \"SUCCESS\" > \"${SCRIPT_OUTPUT_FILE_0}\"\n";
			showEnvVarsInLog = 0;
		};
/* End PBXShellScriptBuildPhase section */

/* Begin PBXSourcesBuildPhase section */
		B66C40AE25098C7D003DD419 /* Sources */ = {
			isa = PBXSourcesBuildPhase;
			buildActionMask = 2147483647;
			files = (
				B6A2C6D6250997BD00F6FB06 /* SplashViewController.swift in Sources */,
				B6A2C6D9250997D800F6FB06 /* SplashCoordinator.swift in Sources */,
				B6A2C6F625099C7D00F6FB06 /* APIConfig.swift in Sources */,
				B6479A222509A1780044CA0C /* ProductsViewModel.swift in Sources */,
				B6A2C6DD2509988100F6FB06 /* SplashViewModel + Dependencies.swift in Sources */,
				B6479A1D2509A1780044CA0C /* ProductsCoordinator.swift in Sources */,
				B61854EE2509C8C000A7BF01 /* ProductViewData.swift in Sources */,
				B6479A1E2509A1780044CA0C /* ProductsFactory.swift in Sources */,
				B6479A1F2509A1780044CA0C /* ProductsViewController.swift in Sources */,
				B6A2C6DF250998AD00F6FB06 /* SplashViewModel.swift in Sources */,
				B6A2C6DB2509984E00F6FB06 /* SplashFactory.swift in Sources */,
				B6A2C6CA2509965F00F6FB06 /* AppCoordinator.swift in Sources */,
				B6A2C6F825099CB000F6FB06 /* API.swift in Sources */,
				B66C40B625098C7D003DD419 /* AppDelegate.swift in Sources */,
				B6479A202509A1780044CA0C /* ProductsComponent.swift in Sources */,
				B6479A212509A1780044CA0C /* ProductsViewModel+Dependencies.swift in Sources */,
			);
			runOnlyForDeploymentPostprocessing = 0;
		};
/* End PBXSourcesBuildPhase section */

/* Begin PBXVariantGroup section */
		B66C40C025098C7E003DD419 /* LaunchScreen.storyboard */ = {
			isa = PBXVariantGroup;
			children = (
				B66C40C125098C7E003DD419 /* Base */,
			);
			name = LaunchScreen.storyboard;
			sourceTree = "<group>";
		};
/* End PBXVariantGroup section */

/* Begin XCBuildConfiguration section */
		B66C40C425098C7E003DD419 /* Debug */ = {
			isa = XCBuildConfiguration;
			buildSettings = {
				ALWAYS_SEARCH_USER_PATHS = NO;
				CLANG_ANALYZER_NONNULL = YES;
				CLANG_ANALYZER_NUMBER_OBJECT_CONVERSION = YES_AGGRESSIVE;
				CLANG_CXX_LANGUAGE_STANDARD = "gnu++14";
				CLANG_CXX_LIBRARY = "libc++";
				CLANG_ENABLE_MODULES = YES;
				CLANG_ENABLE_OBJC_ARC = YES;
				CLANG_ENABLE_OBJC_WEAK = YES;
				CLANG_WARN_BLOCK_CAPTURE_AUTORELEASING = YES;
				CLANG_WARN_BOOL_CONVERSION = YES;
				CLANG_WARN_COMMA = YES;
				CLANG_WARN_CONSTANT_CONVERSION = YES;
				CLANG_WARN_DEPRECATED_OBJC_IMPLEMENTATIONS = YES;
				CLANG_WARN_DIRECT_OBJC_ISA_USAGE = YES_ERROR;
				CLANG_WARN_DOCUMENTATION_COMMENTS = YES;
				CLANG_WARN_EMPTY_BODY = YES;
				CLANG_WARN_ENUM_CONVERSION = YES;
				CLANG_WARN_INFINITE_RECURSION = YES;
				CLANG_WARN_INT_CONVERSION = YES;
				CLANG_WARN_NON_LITERAL_NULL_CONVERSION = YES;
				CLANG_WARN_OBJC_IMPLICIT_RETAIN_SELF = YES;
				CLANG_WARN_OBJC_LITERAL_CONVERSION = YES;
				CLANG_WARN_OBJC_ROOT_CLASS = YES_ERROR;
				CLANG_WARN_QUOTED_INCLUDE_IN_FRAMEWORK_HEADER = YES;
				CLANG_WARN_RANGE_LOOP_ANALYSIS = YES;
				CLANG_WARN_STRICT_PROTOTYPES = YES;
				CLANG_WARN_SUSPICIOUS_MOVE = YES;
				CLANG_WARN_UNGUARDED_AVAILABILITY = YES_AGGRESSIVE;
				CLANG_WARN_UNREACHABLE_CODE = YES;
				CLANG_WARN__DUPLICATE_METHOD_MATCH = YES;
				COPY_PHASE_STRIP = NO;
				DEBUG_INFORMATION_FORMAT = dwarf;
				ENABLE_STRICT_OBJC_MSGSEND = YES;
				ENABLE_TESTABILITY = YES;
				GCC_C_LANGUAGE_STANDARD = gnu11;
				GCC_DYNAMIC_NO_PIC = NO;
				GCC_NO_COMMON_BLOCKS = YES;
				GCC_OPTIMIZATION_LEVEL = 0;
				GCC_PREPROCESSOR_DEFINITIONS = (
					"DEBUG=1",
					"$(inherited)",
				);
				GCC_WARN_64_TO_32_BIT_CONVERSION = YES;
				GCC_WARN_ABOUT_RETURN_TYPE = YES_ERROR;
				GCC_WARN_UNDECLARED_SELECTOR = YES;
				GCC_WARN_UNINITIALIZED_AUTOS = YES_AGGRESSIVE;
				GCC_WARN_UNUSED_FUNCTION = YES;
				GCC_WARN_UNUSED_VARIABLE = YES;
				IPHONEOS_DEPLOYMENT_TARGET = 13.7;
				MTL_ENABLE_DEBUG_INFO = INCLUDE_SOURCE;
				MTL_FAST_MATH = YES;
				ONLY_ACTIVE_ARCH = YES;
				SDKROOT = iphoneos;
				SWIFT_ACTIVE_COMPILATION_CONDITIONS = DEBUG;
				SWIFT_OPTIMIZATION_LEVEL = "-Onone";
			};
			name = Debug;
		};
		B66C40C525098C7E003DD419 /* Release */ = {
			isa = XCBuildConfiguration;
			buildSettings = {
				ALWAYS_SEARCH_USER_PATHS = NO;
				CLANG_ANALYZER_NONNULL = YES;
				CLANG_ANALYZER_NUMBER_OBJECT_CONVERSION = YES_AGGRESSIVE;
				CLANG_CXX_LANGUAGE_STANDARD = "gnu++14";
				CLANG_CXX_LIBRARY = "libc++";
				CLANG_ENABLE_MODULES = YES;
				CLANG_ENABLE_OBJC_ARC = YES;
				CLANG_ENABLE_OBJC_WEAK = YES;
				CLANG_WARN_BLOCK_CAPTURE_AUTORELEASING = YES;
				CLANG_WARN_BOOL_CONVERSION = YES;
				CLANG_WARN_COMMA = YES;
				CLANG_WARN_CONSTANT_CONVERSION = YES;
				CLANG_WARN_DEPRECATED_OBJC_IMPLEMENTATIONS = YES;
				CLANG_WARN_DIRECT_OBJC_ISA_USAGE = YES_ERROR;
				CLANG_WARN_DOCUMENTATION_COMMENTS = YES;
				CLANG_WARN_EMPTY_BODY = YES;
				CLANG_WARN_ENUM_CONVERSION = YES;
				CLANG_WARN_INFINITE_RECURSION = YES;
				CLANG_WARN_INT_CONVERSION = YES;
				CLANG_WARN_NON_LITERAL_NULL_CONVERSION = YES;
				CLANG_WARN_OBJC_IMPLICIT_RETAIN_SELF = YES;
				CLANG_WARN_OBJC_LITERAL_CONVERSION = YES;
				CLANG_WARN_OBJC_ROOT_CLASS = YES_ERROR;
				CLANG_WARN_QUOTED_INCLUDE_IN_FRAMEWORK_HEADER = YES;
				CLANG_WARN_RANGE_LOOP_ANALYSIS = YES;
				CLANG_WARN_STRICT_PROTOTYPES = YES;
				CLANG_WARN_SUSPICIOUS_MOVE = YES;
				CLANG_WARN_UNGUARDED_AVAILABILITY = YES_AGGRESSIVE;
				CLANG_WARN_UNREACHABLE_CODE = YES;
				CLANG_WARN__DUPLICATE_METHOD_MATCH = YES;
				COPY_PHASE_STRIP = NO;
				DEBUG_INFORMATION_FORMAT = "dwarf-with-dsym";
				ENABLE_NS_ASSERTIONS = NO;
				ENABLE_STRICT_OBJC_MSGSEND = YES;
				GCC_C_LANGUAGE_STANDARD = gnu11;
				GCC_NO_COMMON_BLOCKS = YES;
				GCC_WARN_64_TO_32_BIT_CONVERSION = YES;
				GCC_WARN_ABOUT_RETURN_TYPE = YES_ERROR;
				GCC_WARN_UNDECLARED_SELECTOR = YES;
				GCC_WARN_UNINITIALIZED_AUTOS = YES_AGGRESSIVE;
				GCC_WARN_UNUSED_FUNCTION = YES;
				GCC_WARN_UNUSED_VARIABLE = YES;
				IPHONEOS_DEPLOYMENT_TARGET = 13.7;
				MTL_ENABLE_DEBUG_INFO = NO;
				MTL_FAST_MATH = YES;
				SDKROOT = iphoneos;
				SWIFT_COMPILATION_MODE = wholemodule;
				SWIFT_OPTIMIZATION_LEVEL = "-O";
				VALIDATE_PRODUCT = YES;
			};
			name = Release;
		};
		B66C40C725098C7E003DD419 /* Debug */ = {
			isa = XCBuildConfiguration;
			baseConfigurationReference = 5935EB63508061AEE7FF0EFB /* Pods-Liverpool.debug.xcconfig */;
			buildSettings = {
				ASSETCATALOG_COMPILER_APPICON_NAME = AppIcon;
				CODE_SIGN_STYLE = Automatic;
				INFOPLIST_FILE = Liverpool/Info.plist;
				IPHONEOS_DEPLOYMENT_TARGET = 13.0;
				LD_RUNPATH_SEARCH_PATHS = (
					"$(inherited)",
					"@executable_path/Frameworks",
				);
				PRODUCT_BUNDLE_IDENTIFIER = com.andres.Liverpool;
				PRODUCT_NAME = "$(TARGET_NAME)";
				SWIFT_VERSION = 5.0;
				TARGETED_DEVICE_FAMILY = "1,2";
			};
			name = Debug;
		};
		B66C40C825098C7E003DD419 /* Release */ = {
			isa = XCBuildConfiguration;
			baseConfigurationReference = 3281F92C35459704C83E8632 /* Pods-Liverpool.release.xcconfig */;
			buildSettings = {
				ASSETCATALOG_COMPILER_APPICON_NAME = AppIcon;
				CODE_SIGN_STYLE = Automatic;
				INFOPLIST_FILE = Liverpool/Info.plist;
				IPHONEOS_DEPLOYMENT_TARGET = 13.0;
				LD_RUNPATH_SEARCH_PATHS = (
					"$(inherited)",
					"@executable_path/Frameworks",
				);
				PRODUCT_BUNDLE_IDENTIFIER = com.andres.Liverpool;
				PRODUCT_NAME = "$(TARGET_NAME)";
				SWIFT_VERSION = 5.0;
				TARGETED_DEVICE_FAMILY = "1,2";
			};
			name = Release;
		};
/* End XCBuildConfiguration section */

/* Begin XCConfigurationList section */
		B66C40AD25098C7D003DD419 /* Build configuration list for PBXProject "Liverpool" */ = {
			isa = XCConfigurationList;
			buildConfigurations = (
				B66C40C425098C7E003DD419 /* Debug */,
				B66C40C525098C7E003DD419 /* Release */,
			);
			defaultConfigurationIsVisible = 0;
			defaultConfigurationName = Release;
		};
		B66C40C625098C7E003DD419 /* Build configuration list for PBXNativeTarget "Liverpool" */ = {
			isa = XCConfigurationList;
			buildConfigurations = (
				B66C40C725098C7E003DD419 /* Debug */,
				B66C40C825098C7E003DD419 /* Release */,
			);
			defaultConfigurationIsVisible = 0;
			defaultConfigurationName = Release;
		};
/* End XCConfigurationList section */
	};
	rootObject = B66C40AA25098C7D003DD419 /* Project object */;
}
